{
  "nodes": {
    "devshell": {
      "inputs": {
        "flake-utils": "flake-utils",
        "nixpkgs": "nixpkgs"
      },
      "locked": {
        "lastModified": 1671489820,
        "narHash": "sha256-qoei5HDJ8psd1YUPD7DhbHdhLIT9L2nadscp4Qk37uk=",
        "owner": "numtide",
        "repo": "devshell",
        "rev": "5aa3a8039c68b4bf869327446590f4cdf90bb634",
        "type": "github"
      },
      "original": {
        "owner": "numtide",
        "repo": "devshell",
        "type": "github"
      }
    },
    "dmenu": {
      "inputs": {
        "dmenu-src": "dmenu-src"
      },
      "locked": {
        "lastModified": 1,
        "narHash": "sha256-wdRV+aRIQ+SUcCTtXgEo8dFtOdIZ1hNDo9uciGlELXI=",
        "path": "./dmenu",
        "type": "path"
      },
      "original": {
        "path": "./dmenu",
        "type": "path"
      }
    },
    "dmenu-src": {
      "flake": false,
      "locked": {
        "lastModified": 1667213550,
        "narHash": "sha256-dxgaK4uwXmymnpQtL7/3FRG5CI2LI0xuD980r+dHrpg=",
        "ref": "refs/heads/master",
        "rev": "ba1a347dcaba055f824161007dfee60db3ea785b",
        "revCount": 608,
        "type": "git",
        "url": "https://git.suckless.org/dmenu"
      },
      "original": {
        "type": "git",
        "url": "https://git.suckless.org/dmenu"
      }
    },
    "dwm": {
      "inputs": {
        "dwm-src": "dwm-src"
      },
      "locked": {
        "lastModified": 1,
        "narHash": "sha256-4VUy2vxF2jZgYUBjQ7HwOqOPNPSO7O6spqtmoHr9HNA=",
        "path": "./dwm",
        "type": "path"
      },
      "original": {
        "path": "./dwm",
        "type": "path"
      }
    },
    "dwm-src": {
      "flake": false,
      "locked": {
        "lastModified": 1663390182,
        "narHash": "sha256-mPj+laGTEpMxJ8rmgrZV/guboux4n1p1eB9lHrhkN0Q=",
        "owner": "Rido-o",
        "repo": "dwm-flexipatch",
        "rev": "7d18cca9df933854aa8d0c8a8dbaf6c4be0d13e1",
        "type": "github"
      },
      "original": {
        "owner": "Rido-o",
        "repo": "dwm-flexipatch",
        "type": "github"
      }
    },
    "dwmblocks": {
      "inputs": {
        "dwmblocks-src": "dwmblocks-src"
      },
      "locked": {
        "lastModified": 1,
        "narHash": "sha256-/9TXNviaIpuTYKark4j4+oDBrw+gypCE7hwM+/46U24=",
        "path": "./dwmblocks",
        "type": "path"
      },
      "original": {
        "path": "./dwmblocks",
        "type": "path"
      }
    },
    "dwmblocks-src": {
      "flake": false,
      "locked": {
        "lastModified": 1669037861,
        "narHash": "sha256-98jNhV1HvWKHucIHxD/8Q0rz74vu5W3MQ4Nd7LmwDyA=",
        "owner": "UtkarshVerma",
        "repo": "dwmblocks-async",
        "rev": "3e4e4dbbbe4680f9f71401b993070d6d1cbeca00",
        "type": "github"
      },
      "original": {
        "owner": "UtkarshVerma",
        "repo": "dwmblocks-async",
        "type": "github"
      }
    },
    "flake-utils": {
      "locked": {
        "lastModified": 1642700792,
        "narHash": "sha256-XqHrk7hFb+zBvRg6Ghl+AZDq03ov6OshJLiSWOoX5es=",
        "owner": "numtide",
        "repo": "flake-utils",
        "rev": "846b2ae0fc4cc943637d3d1def4454213e203cba",
        "type": "github"
      },
      "original": {
        "owner": "numtide",
        "repo": "flake-utils",
        "type": "github"
      }
    },
    "flake-utils_2": {
      "locked": {
        "lastModified": 1667395993,
        "narHash": "sha256-nuEHfE/LcWyuSWnS8t12N1wc105Qtau+/OdUAjtQ0rA=",
        "owner": "numtide",
        "repo": "flake-utils",
        "rev": "5aed5285a952e0b949eb3ba02c12fa4fcfef535f",
        "type": "github"
      },
      "original": {
        "owner": "numtide",
        "repo": "flake-utils",
        "type": "github"
      }
    },
    "hardware": {
      "locked": {
        "lastModified": 1673803274,
        "narHash": "sha256-zaJDlHFXewT4KUsidMpRcPE+REymGH1Y3Eoc3Pjv4Xs=",
        "owner": "nixos",
        "repo": "nixos-hardware",
        "rev": "7bd6b87b3712e68007823e8dd5c37ee9b114fee3",
        "type": "github"
      },
      "original": {
        "owner": "nixos",
        "repo": "nixos-hardware",
        "type": "github"
      }
    },
    "home-manager": {
      "inputs": {
        "nixpkgs": [
          "nixpkgs"
        ],
        "utils": "utils"
      },
      "locked": {
        "lastModified": 1673815682,
        "narHash": "sha256-zG7Rroki+89poCTr1D8BM/wTCl+DZJvU4IUE+5hxG7U=",
        "owner": "nix-community",
        "repo": "home-manager",
        "rev": "3e42035fc013ed4d8af6ee8dc0079c0c551c45a5",
        "type": "github"
      },
      "original": {
        "owner": "nix-community",
        "repo": "home-manager",
        "type": "github"
      }
    },
    "nixpkgs": {
      "locked": {
        "lastModified": 1643381941,
        "narHash": "sha256-pHTwvnN4tTsEKkWlXQ8JMY423epos8wUOhthpwJjtpc=",
        "owner": "NixOS",
        "repo": "nixpkgs",
        "rev": "5efc8ca954272c4376ac929f4c5ffefcc20551d5",
        "type": "github"
      },
      "original": {
        "owner": "NixOS",
        "ref": "nixpkgs-unstable",
        "repo": "nixpkgs",
        "type": "github"
      }
    },
    "nixpkgs_2": {
      "locked": {
        "lastModified": 1673631141,
        "narHash": "sha256-AprpYQ5JvLS4wQG/ghm2UriZ9QZXvAwh1HlgA/6ZEVQ=",
        "owner": "nixos",
        "repo": "nixpkgs",
        "rev": "befc83905c965adfd33e5cae49acb0351f6e0404",
        "type": "github"
      },
      "original": {
        "owner": "nixos",
        "ref": "nixos-unstable",
        "repo": "nixpkgs",
        "type": "github"
      }
    },
    "nsxiv": {
      "inputs": {
        "nsxiv-src": "nsxiv-src"
      },
      "locked": {
        "lastModified": 1,
        "narHash": "sha256-2zWpQhV6e4MsOPamo8JHEvvf00GSdbsri5+SiJw0xms=",
        "path": "./nsxiv",
        "type": "path"
      },
      "original": {
        "path": "./nsxiv",
        "type": "path"
      }
    },
    "nsxiv-src": {
      "flake": false,
      "locked": {
        "lastModified": 1674901883,
        "narHash": "sha256-X1ZMr5OADs9GIe/kp/kEqKMMHZMymd58m9+f0SPzn7s=",
        "ref": "refs/heads/master",
        "rev": "8f0322c2e33cd39208bd2693fde968ba47a93e6e",
        "revCount": 983,
        "type": "git",
        "url": "https://codeberg.org/nsxiv/nsxiv"
      },
      "original": {
        "type": "git",
        "url": "https://codeberg.org/nsxiv/nsxiv"
      }
    },
    "overlays": {
      "inputs": {
        "dmenu": "dmenu",
        "dwm": "dwm",
        "dwmblocks": "dwmblocks",
        "nsxiv": "nsxiv",
        "xmenu": "xmenu"
      },
      "locked": {
        "lastModified": 1,
        "narHash": "sha256-OMwRRiPKL2Y+Oww0cbNScxUIr7ApoBgX/Thzc7wFwrM=",
        "path": "./overlays",
        "type": "path"
      },
      "original": {
        "path": "./overlays",
        "type": "path"
      }
    },
    "root": {
      "inputs": {
        "devshell": "devshell",
        "flake-utils": "flake-utils_2",
        "hardware": "hardware",
        "home-manager": "home-manager",
        "nixpkgs": "nixpkgs_2",
        "overlays": "overlays"
      }
    },
    "utils": {
      "locked": {
        "lastModified": 1667395993,
        "narHash": "sha256-nuEHfE/LcWyuSWnS8t12N1wc105Qtau+/OdUAjtQ0rA=",
        "owner": "numtide",
        "repo": "flake-utils",
        "rev": "5aed5285a952e0b949eb3ba02c12fa4fcfef535f",
        "type": "github"
      },
      "original": {
        "owner": "numtide",
        "repo": "flake-utils",
        "type": "github"
      }
    },
    "xmenu": {
      "inputs": {
        "xmenu-src": "xmenu-src"
      },
      "locked": {
        "lastModified": 1,
        "narHash": "sha256-WPoRkZegFVQmoXkJ3THFrXQIi7l6nGKJwCxxxH+cna4=",
        "path": "./xmenu",
        "type": "path"
      },
      "original": {
        "path": "./xmenu",
        "type": "path"
      }
    },
    "xmenu-src": {
      "flake": false,
      "locked": {
        "lastModified": 1674521559,
        "narHash": "sha256-jbAEJZvZVSDfTvEniiSKIGs0OmUkfy8dhrvErrYLPEo=",
        "owner": "phillbush",
        "repo": "xmenu",
        "rev": "6ec875019d44af7faeb895415b37a5f4f9fc3a2b",
        "type": "github"
      },
      "original": {
        "owner": "phillbush",
        "repo": "xmenu",
        "type": "github"
      }
    }
  },
  "root": "root",
  "version": 7
}
